
Microsoft Visual Studio Solution File, Format Version 12.00
# Visual Studio 2013
VisualStudioVersion = 12.0.30501.0
MinimumVisualStudioVersion = 10.0.40219.1
Project("{FAE04EC0-301F-11D3-BF4B-00C04F79EFBC}") = "Gruppe31", "Gruppe31\Gruppe31.csproj", "{98C60E8D-02D5-4058-91CF-43A0734DD374}"
EndProject
Global
	GlobalSection(SolutionConfigurationPlatforms) = preSolution
		Debug|Any CPU = Debug|Any CPU
		Release|Any CPU = Release|Any CPU
	EndGlobalSection
	GlobalSection(ProjectConfigurationPlatforms) = postSolution
		{98C60E8D-02D5-4058-91CF-43A0734DD374}.Debug|Any CPU.ActiveCfg = Debug|Any CPU
		{98C60E8D-02D5-4058-91CF-43A0734DD374}.Debug|Any CPU.Build.0 = Debug|Any CPU
		{98C60E8D-02D5-4058-91CF-43A0734DD374}.Release|Any CPU.ActiveCfg = Release|Any CPU
		{98C60E8D-02D5-4058-91CF-43A0734DD374}.Release|Any CPU.Build.0 = Release|Any CPU
	EndGlobalSection
	GlobalSection(SolutionProperties) = preSolution
		HideSolutionNode = FALSE
	EndGlobalSection
EndGlobal
